
Microsoft Visual Studio Solution File, Format Version 12.00
# Visual Studio Version 17
VisualStudioVersion = 17.11.35222.181
MinimumVisualStudioVersion = 10.0.40219.1
Project("{FAE04EC0-301F-11D3-BF4B-00C04F79EFBC}") = "BlackJack1", "BlackJack1\BlackJack1.csproj", "{A136B5E9-6A42-48A2-82B7-6414FB74AECE}"
EndProject
Global
	GlobalSection(SolutionConfigurationPlatforms) = preSolution
		Debug|Any CPU = Debug|Any CPU
		Release|Any CPU = Release|Any CPU
	EndGlobalSection
	GlobalSection(ProjectConfigurationPlatforms) = postSolution
		{A136B5E9-6A42-48A2-82B7-6414FB74AECE}.Debug|Any CPU.ActiveCfg = Debug|Any CPU
		{A136B5E9-6A42-48A2-82B7-6414FB74AECE}.Debug|Any CPU.Build.0 = Debug|Any CPU
		{A136B5E9-6A42-48A2-82B7-6414FB74AECE}.Debug|Any CPU.Deploy.0 = Debug|Any CPU
		{A136B5E9-6A42-48A2-82B7-6414FB74AECE}.Release|Any CPU.ActiveCfg = Release|Any CPU
		{A136B5E9-6A42-48A2-82B7-6414FB74AECE}.Release|Any CPU.Build.0 = Release|Any CPU
		{A136B5E9-6A42-48A2-82B7-6414FB74AECE}.Release|Any CPU.Deploy.0 = Release|Any CPU
	EndGlobalSection
	GlobalSection(SolutionProperties) = preSolution
		HideSolutionNode = FALSE
	EndGlobalSection
	GlobalSection(ExtensibilityGlobals) = postSolution
		SolutionGuid = {C7A86B16-52A4-4617-82BD-BCD1387EC132}
	EndGlobalSection
EndGlobal
